
Microsoft Visual Studio Solution File, Format Version 12.00
# Visual Studio Version 17
VisualStudioVersion = 17.9.34728.123
MinimumVisualStudioVersion = 10.0.40219.1
Project("{FAE04EC0-301F-11D3-BF4B-00C04F79EFBC}") = "WeatherApp", "WeatherApp\WeatherApp.csproj", "{87FFA8AD-C6C3-4F90-AEF1-ECB49E198F38}"
EndProject
Global
	GlobalSection(SolutionConfigurationPlatforms) = preSolution
		Debug|Any CPU = Debug|Any CPU
		Release|Any CPU = Release|Any CPU
	EndGlobalSection
	GlobalSection(ProjectConfigurationPlatforms) = postSolution
		{87FFA8AD-C6C3-4F90-AEF1-ECB49E198F38}.Debug|Any CPU.ActiveCfg = Debug|Any CPU
		{87FFA8AD-C6C3-4F90-AEF1-ECB49E198F38}.Debug|Any CPU.Build.0 = Debug|Any CPU
		{87FFA8AD-C6C3-4F90-AEF1-ECB49E198F38}.Release|Any CPU.ActiveCfg = Release|Any CPU
		{87FFA8AD-C6C3-4F90-AEF1-ECB49E198F38}.Release|Any CPU.Build.0 = Release|Any CPU
	EndGlobalSection
	GlobalSection(SolutionProperties) = preSolution
		HideSolutionNode = FALSE
	EndGlobalSection
	GlobalSection(ExtensibilityGlobals) = postSolution
		SolutionGuid = {5D5F3472-DBB7-49EB-BCC4-5530C4BFC7E5}
	EndGlobalSection
EndGlobal
